// !$*UTF8*$!
{
	archiveVersion = 1;
	classes = {
	};
	objectVersion = 56;
	objects = {

/* Begin PBXBuildFile section */
		E2E1E23D2B8D17DC0063D1B7 /* AppDelegate.swift in Sources */ = {isa = PBXBuildFile; fileRef = E2E1E23C2B8D17DC0063D1B7 /* AppDelegate.swift */; };
		E2E1E23F2B8D17DC0063D1B7 /* SceneDelegate.swift in Sources */ = {isa = PBXBuildFile; fileRef = E2E1E23E2B8D17DC0063D1B7 /* SceneDelegate.swift */; };
		E2E1E2412B8D17DC0063D1B7 /* ViewController.swift in Sources */ = {isa = PBXBuildFile; fileRef = E2E1E2402B8D17DC0063D1B7 /* ViewController.swift */; };
		E2E1E2462B8D17DD0063D1B7 /* Assets.xcassets in Resources */ = {isa = PBXBuildFile; fileRef = E2E1E2452B8D17DD0063D1B7 /* Assets.xcassets */; };
		E2E1E2492B8D17DD0063D1B7 /* LaunchScreen.storyboard in Resources */ = {isa = PBXBuildFile; fileRef = E2E1E2472B8D17DD0063D1B7 /* LaunchScreen.storyboard */; };
		E2E1E2532B8E57370063D1B7 /* ContentView.swift in Sources */ = {isa = PBXBuildFile; fileRef = E2E1E2522B8E57370063D1B7 /* ContentView.swift */; };
		E2E1E2562B8E57C50063D1B7 /* Coordinator.swift in Sources */ = {isa = PBXBuildFile; fileRef = E2E1E2552B8E57C50063D1B7 /* Coordinator.swift */; };
		E2E1E2582B8E58560063D1B7 /* ApplicationCoordinator.swift in Sources */ = {isa = PBXBuildFile; fileRef = E2E1E2572B8E58560063D1B7 /* ApplicationCoordinator.swift */; };
		E2E1E25C2B8E5C920063D1B7 /* OnboardingCoordinator.swift in Sources */ = {isa = PBXBuildFile; fileRef = E2E1E25B2B8E5C920063D1B7 /* OnboardingCoordinator.swift */; };
		E2E1E25E2B8EF2D20063D1B7 /* OnBoardingView.swift in Sources */ = {isa = PBXBuildFile; fileRef = E2E1E25D2B8EF2D20063D1B7 /* OnBoardingView.swift */; };
		E2E1E2632B8EF9060063D1B7 /* ScaledImgeView.swift in Sources */ = {isa = PBXBuildFile; fileRef = E2E1E2622B8EF9060063D1B7 /* ScaledImgeView.swift */; };
		E2E1E2652B8F089E0063D1B7 /* MainCoordinator.swift in Sources */ = {isa = PBXBuildFile; fileRef = E2E1E2642B8F089E0063D1B7 /* MainCoordinator.swift */; };
		E2E1E26A2B90523F0063D1B7 /* FirstTabCoordinator.swift in Sources */ = {isa = PBXBuildFile; fileRef = E2E1E2692B90523F0063D1B7 /* FirstTabCoordinator.swift */; };
		E2E1E26C2B9056000063D1B7 /* SecondTabCoordinator.swift in Sources */ = {isa = PBXBuildFile; fileRef = E2E1E26B2B9056000063D1B7 /* SecondTabCoordinator.swift */; };
		E2E1E26E2B90569B0063D1B7 /* FirstViewController.swift in Sources */ = {isa = PBXBuildFile; fileRef = E2E1E26D2B90569B0063D1B7 /* FirstViewController.swift */; };
		E2E1E2702B9056EC0063D1B7 /* FirstDetailView.swift in Sources */ = {isa = PBXBuildFile; fileRef = E2E1E26F2B9056EC0063D1B7 /* FirstDetailView.swift */; };
		E2E1E2732B9083960063D1B7 /* SecondViewController.swift in Sources */ = {isa = PBXBuildFile; fileRef = E2E1E2712B9083960063D1B7 /* SecondViewController.swift */; };
		E2E1E2742B9083960063D1B7 /* SecondViewController.xib in Resources */ = {isa = PBXBuildFile; fileRef = E2E1E2722B9083960063D1B7 /* SecondViewController.xib */; };
		E2E1E2772B90D4410063D1B7 /* FirstTabViewModel.swift in Sources */ = {isa = PBXBuildFile; fileRef = E2E1E2762B90D4410063D1B7 /* FirstTabViewModel.swift */; };
/* End PBXBuildFile section */

/* Begin PBXFileReference section */
		E2E1E2392B8D17DC0063D1B7 /* CoordinatorPattern.app */ = {isa = PBXFileReference; explicitFileType = wrapper.application; includeInIndex = 0; path = CoordinatorPattern.app; sourceTree = BUILT_PRODUCTS_DIR; };
		E2E1E23C2B8D17DC0063D1B7 /* AppDelegate.swift */ = {isa = PBXFileReference; lastKnownFileType = sourcecode.swift; path = AppDelegate.swift; sourceTree = "<group>"; };
		E2E1E23E2B8D17DC0063D1B7 /* SceneDelegate.swift */ = {isa = PBXFileReference; lastKnownFileType = sourcecode.swift; path = SceneDelegate.swift; sourceTree = "<group>"; };
		E2E1E2402B8D17DC0063D1B7 /* ViewController.swift */ = {isa = PBXFileReference; lastKnownFileType = sourcecode.swift; path = ViewController.swift; sourceTree = "<group>"; };
		E2E1E2452B8D17DD0063D1B7 /* Assets.xcassets */ = {isa = PBXFileReference; lastKnownFileType = folder.assetcatalog; path = Assets.xcassets; sourceTree = "<group>"; };
		E2E1E2482B8D17DD0063D1B7 /* Base */ = {isa = PBXFileReference; lastKnownFileType = file.storyboard; name = Base; path = Base.lproj/LaunchScreen.storyboard; sourceTree = "<group>"; };
		E2E1E24A2B8D17DD0063D1B7 /* Info.plist */ = {isa = PBXFileReference; lastKnownFileType = text.plist.xml; path = Info.plist; sourceTree = "<group>"; };
		E2E1E2522B8E57370063D1B7 /* ContentView.swift */ = {isa = PBXFileReference; lastKnownFileType = sourcecode.swift; path = ContentView.swift; sourceTree = "<group>"; };
		E2E1E2552B8E57C50063D1B7 /* Coordinator.swift */ = {isa = PBXFileReference; lastKnownFileType = sourcecode.swift; path = Coordinator.swift; sourceTree = "<group>"; };
		E2E1E2572B8E58560063D1B7 /* ApplicationCoordinator.swift */ = {isa = PBXFileReference; lastKnownFileType = sourcecode.swift; path = ApplicationCoordinator.swift; sourceTree = "<group>"; };
		E2E1E25B2B8E5C920063D1B7 /* OnboardingCoordinator.swift */ = {isa = PBXFileReference; lastKnownFileType = sourcecode.swift; path = OnboardingCoordinator.swift; sourceTree = "<group>"; };
		E2E1E25D2B8EF2D20063D1B7 /* OnBoardingView.swift */ = {isa = PBXFileReference; lastKnownFileType = sourcecode.swift; path = OnBoardingView.swift; sourceTree = "<group>"; };
		E2E1E2622B8EF9060063D1B7 /* ScaledImgeView.swift */ = {isa = PBXFileReference; lastKnownFileType = sourcecode.swift; path = ScaledImgeView.swift; sourceTree = "<group>"; };
		E2E1E2642B8F089E0063D1B7 /* MainCoordinator.swift */ = {isa = PBXFileReference; lastKnownFileType = sourcecode.swift; path = MainCoordinator.swift; sourceTree = "<group>"; };
		E2E1E2692B90523F0063D1B7 /* FirstTabCoordinator.swift */ = {isa = PBXFileReference; lastKnownFileType = sourcecode.swift; path = FirstTabCoordinator.swift; sourceTree = "<group>"; };
		E2E1E26B2B9056000063D1B7 /* SecondTabCoordinator.swift */ = {isa = PBXFileReference; lastKnownFileType = sourcecode.swift; path = SecondTabCoordinator.swift; sourceTree = "<group>"; };
		E2E1E26D2B90569B0063D1B7 /* FirstViewController.swift */ = {isa = PBXFileReference; lastKnownFileType = sourcecode.swift; path = FirstViewController.swift; sourceTree = "<group>"; };
		E2E1E26F2B9056EC0063D1B7 /* FirstDetailView.swift */ = {isa = PBXFileReference; lastKnownFileType = sourcecode.swift; path = FirstDetailView.swift; sourceTree = "<group>"; };
		E2E1E2712B9083960063D1B7 /* SecondViewController.swift */ = {isa = PBXFileReference; lastKnownFileType = sourcecode.swift; path = SecondViewController.swift; sourceTree = "<group>"; };
		E2E1E2722B9083960063D1B7 /* SecondViewController.xib */ = {isa = PBXFileReference; lastKnownFileType = file.xib; path = SecondViewController.xib; sourceTree = "<group>"; };
		E2E1E2762B90D4410063D1B7 /* FirstTabViewModel.swift */ = {isa = PBXFileReference; lastKnownFileType = sourcecode.swift; path = FirstTabViewModel.swift; sourceTree = "<group>"; };
/* End PBXFileReference section */

/* Begin PBXFrameworksBuildPhase section */
		E2E1E2362B8D17DC0063D1B7 /* Frameworks */ = {
			isa = PBXFrameworksBuildPhase;
			buildActionMask = 2147483647;
			files = (
			);
			runOnlyForDeploymentPostprocessing = 0;
		};
/* End PBXFrameworksBuildPhase section */

/* Begin PBXGroup section */
		E2E1E2302B8D17DC0063D1B7 = {
			isa = PBXGroup;
			children = (
				E2E1E23B2B8D17DC0063D1B7 /* CoordinatorPattern */,
				E2E1E23A2B8D17DC0063D1B7 /* Products */,
			);
			sourceTree = "<group>";
		};
		E2E1E23A2B8D17DC0063D1B7 /* Products */ = {
			isa = PBXGroup;
			children = (
				E2E1E2392B8D17DC0063D1B7 /* CoordinatorPattern.app */,
			);
			name = Products;
			sourceTree = "<group>";
		};
		E2E1E23B2B8D17DC0063D1B7 /* CoordinatorPattern */ = {
			isa = PBXGroup;
			children = (
				E2E1E2662B9051B20063D1B7 /* First */,
				E2E1E2682B9051FD0063D1B7 /* Second */,
				E2E1E25A2B8E5C440063D1B7 /* Main */,
				E2E1E2592B8E5C0F0063D1B7 /* Onboarding */,
				E2E1E2542B8E577B0063D1B7 /* Protocols */,
				E2E1E23C2B8D17DC0063D1B7 /* AppDelegate.swift */,
				E2E1E23E2B8D17DC0063D1B7 /* SceneDelegate.swift */,
				E2E1E2402B8D17DC0063D1B7 /* ViewController.swift */,
				E2E1E2572B8E58560063D1B7 /* ApplicationCoordinator.swift */,
				E2E1E2522B8E57370063D1B7 /* ContentView.swift */,
				E2E1E2612B8EF8C80063D1B7 /* Helper */,
				E2E1E2452B8D17DD0063D1B7 /* Assets.xcassets */,
				E2E1E2472B8D17DD0063D1B7 /* LaunchScreen.storyboard */,
				E2E1E24A2B8D17DD0063D1B7 /* Info.plist */,
			);
			path = CoordinatorPattern;
			sourceTree = "<group>";
		};
		E2E1E2542B8E577B0063D1B7 /* Protocols */ = {
			isa = PBXGroup;
			children = (
				E2E1E2552B8E57C50063D1B7 /* Coordinator.swift */,
			);
			path = Protocols;
			sourceTree = "<group>";
		};
		E2E1E2592B8E5C0F0063D1B7 /* Onboarding */ = {
			isa = PBXGroup;
			children = (
				E2E1E25B2B8E5C920063D1B7 /* OnboardingCoordinator.swift */,
				E2E1E25D2B8EF2D20063D1B7 /* OnBoardingView.swift */,
			);
			path = Onboarding;
			sourceTree = "<group>";
		};
		E2E1E25A2B8E5C440063D1B7 /* Main */ = {
			isa = PBXGroup;
			children = (
				E2E1E2642B8F089E0063D1B7 /* MainCoordinator.swift */,
			);
			path = Main;
			sourceTree = "<group>";
		};
		E2E1E2612B8EF8C80063D1B7 /* Helper */ = {
			isa = PBXGroup;
			children = (
				E2E1E2622B8EF9060063D1B7 /* ScaledImgeView.swift */,
			);
			path = Helper;
			sourceTree = "<group>";
		};
		E2E1E2662B9051B20063D1B7 /* First */ = {
			isa = PBXGroup;
			children = (
				E2E1E2752B90D4130063D1B7 /* ViewModel */,
				E2E1E2692B90523F0063D1B7 /* FirstTabCoordinator.swift */,
				E2E1E26D2B90569B0063D1B7 /* FirstViewController.swift */,
				E2E1E26F2B9056EC0063D1B7 /* FirstDetailView.swift */,
			);
			path = First;
			sourceTree = "<group>";
		};
		E2E1E2682B9051FD0063D1B7 /* Second */ = {
			isa = PBXGroup;
			children = (
				E2E1E26B2B9056000063D1B7 /* SecondTabCoordinator.swift */,
				E2E1E2712B9083960063D1B7 /* SecondViewController.swift */,
				E2E1E2722B9083960063D1B7 /* SecondViewController.xib */,
			);
			path = Second;
			sourceTree = "<group>";
		};
		E2E1E2752B90D4130063D1B7 /* ViewModel */ = {
			isa = PBXGroup;
			children = (
				E2E1E2762B90D4410063D1B7 /* FirstTabViewModel.swift */,
			);
			path = ViewModel;
			sourceTree = "<group>";
		};
/* End PBXGroup section */

/* Begin PBXNativeTarget section */
		E2E1E2382B8D17DC0063D1B7 /* CoordinatorPattern */ = {
			isa = PBXNativeTarget;
			buildConfigurationList = E2E1E24D2B8D17DD0063D1B7 /* Build configuration list for PBXNativeTarget "CoordinatorPattern" */;
			buildPhases = (
				E2E1E2352B8D17DC0063D1B7 /* Sources */,
				E2E1E2362B8D17DC0063D1B7 /* Frameworks */,
				E2E1E2372B8D17DC0063D1B7 /* Resources */,
			);
			buildRules = (
			);
			dependencies = (
			);
			name = CoordinatorPattern;
			productName = CoordinatorPattern;
			productReference = E2E1E2392B8D17DC0063D1B7 /* CoordinatorPattern.app */;
			productType = "com.apple.product-type.application";
		};
/* End PBXNativeTarget section */

/* Begin PBXProject section */
		E2E1E2312B8D17DC0063D1B7 /* Project object */ = {
			isa = PBXProject;
			attributes = {
				BuildIndependentTargetsInParallel = 1;
				LastSwiftUpdateCheck = 1520;
				LastUpgradeCheck = 1520;
				TargetAttributes = {
					E2E1E2382B8D17DC0063D1B7 = {
						CreatedOnToolsVersion = 15.2;
					};
				};
			};
			buildConfigurationList = E2E1E2342B8D17DC0063D1B7 /* Build configuration list for PBXProject "CoordinatorPattern" */;
			compatibilityVersion = "Xcode 14.0";
			developmentRegion = en;
			hasScannedForEncodings = 0;
			knownRegions = (
				en,
				Base,
			);
			mainGroup = E2E1E2302B8D17DC0063D1B7;
			productRefGroup = E2E1E23A2B8D17DC0063D1B7 /* Products */;
			projectDirPath = "";
			projectRoot = "";
			targets = (
				E2E1E2382B8D17DC0063D1B7 /* CoordinatorPattern */,
			);
		};
/* End PBXProject section */

/* Begin PBXResourcesBuildPhase section */
		E2E1E2372B8D17DC0063D1B7 /* Resources */ = {
			isa = PBXResourcesBuildPhase;
			buildActionMask = 2147483647;
			files = (
				E2E1E2492B8D17DD0063D1B7 /* LaunchScreen.storyboard in Resources */,
				E2E1E2462B8D17DD0063D1B7 /* Assets.xcassets in Resources */,
				E2E1E2742B9083960063D1B7 /* SecondViewController.xib in Resources */,
			);
			runOnlyForDeploymentPostprocessing = 0;
		};
/* End PBXResourcesBuildPhase section */

/* Begin PBXSourcesBuildPhase section */
		E2E1E2352B8D17DC0063D1B7 /* Sources */ = {
			isa = PBXSourcesBuildPhase;
			buildActionMask = 2147483647;
			files = (
				E2E1E2412B8D17DC0063D1B7 /* ViewController.swift in Sources */,
				E2E1E2632B8EF9060063D1B7 /* ScaledImgeView.swift in Sources */,
				E2E1E23D2B8D17DC0063D1B7 /* AppDelegate.swift in Sources */,
				E2E1E2732B9083960063D1B7 /* SecondViewController.swift in Sources */,
				E2E1E2652B8F089E0063D1B7 /* MainCoordinator.swift in Sources */,
				E2E1E26C2B9056000063D1B7 /* SecondTabCoordinator.swift in Sources */,
				E2E1E26E2B90569B0063D1B7 /* FirstViewController.swift in Sources */,
				E2E1E2562B8E57C50063D1B7 /* Coordinator.swift in Sources */,
				E2E1E25C2B8E5C920063D1B7 /* OnboardingCoordinator.swift in Sources */,
				E2E1E2532B8E57370063D1B7 /* ContentView.swift in Sources */,
				E2E1E26A2B90523F0063D1B7 /* FirstTabCoordinator.swift in Sources */,
				E2E1E25E2B8EF2D20063D1B7 /* OnBoardingView.swift in Sources */,
				E2E1E23F2B8D17DC0063D1B7 /* SceneDelegate.swift in Sources */,
				E2E1E2772B90D4410063D1B7 /* FirstTabViewModel.swift in Sources */,
				E2E1E2702B9056EC0063D1B7 /* FirstDetailView.swift in Sources */,
				E2E1E2582B8E58560063D1B7 /* ApplicationCoordinator.swift in Sources */,
			);
			runOnlyForDeploymentPostprocessing = 0;
		};
/* End PBXSourcesBuildPhase section */

/* Begin PBXVariantGroup section */
		E2E1E2472B8D17DD0063D1B7 /* LaunchScreen.storyboard */ = {
			isa = PBXVariantGroup;
			children = (
				E2E1E2482B8D17DD0063D1B7 /* Base */,
			);
			name = LaunchScreen.storyboard;
			sourceTree = "<group>";
		};
/* End PBXVariantGroup section */

/* Begin XCBuildConfiguration section */
		E2E1E24B2B8D17DD0063D1B7 /* Debug */ = {
			isa = XCBuildConfiguration;
			buildSettings = {
				ALWAYS_SEARCH_USER_PATHS = NO;
				ASSETCATALOG_COMPILER_GENERATE_SWIFT_ASSET_SYMBOL_EXTENSIONS = YES;
				CLANG_ANALYZER_NONNULL = YES;
				CLANG_ANALYZER_NUMBER_OBJECT_CONVERSION = YES_AGGRESSIVE;
				CLANG_CXX_LANGUAGE_STANDARD = "gnu++20";
				CLANG_ENABLE_MODULES = YES;
				CLANG_ENABLE_OBJC_ARC = YES;
				CLANG_ENABLE_OBJC_WEAK = YES;
				CLANG_WARN_BLOCK_CAPTURE_AUTORELEASING = YES;
				CLANG_WARN_BOOL_CONVERSION = YES;
				CLANG_WARN_COMMA = YES;
				CLANG_WARN_CONSTANT_CONVERSION = YES;
				CLANG_WARN_DEPRECATED_OBJC_IMPLEMENTATIONS = YES;
				CLANG_WARN_DIRECT_OBJC_ISA_USAGE = YES_ERROR;
				CLANG_WARN_DOCUMENTATION_COMMENTS = YES;
				CLANG_WARN_EMPTY_BODY = YES;
				CLANG_WARN_ENUM_CONVERSION = YES;
				CLANG_WARN_INFINITE_RECURSION = YES;
				CLANG_WARN_INT_CONVERSION = YES;
				CLANG_WARN_NON_LITERAL_NULL_CONVERSION = YES;
				CLANG_WARN_OBJC_IMPLICIT_RETAIN_SELF = YES;
				CLANG_WARN_OBJC_LITERAL_CONVERSION = YES;
				CLANG_WARN_OBJC_ROOT_CLASS = YES_ERROR;
				CLANG_WARN_QUOTED_INCLUDE_IN_FRAMEWORK_HEADER = YES;
				CLANG_WARN_RANGE_LOOP_ANALYSIS = YES;
				CLANG_WARN_STRICT_PROTOTYPES = YES;
				CLANG_WARN_SUSPICIOUS_MOVE = YES;
				CLANG_WARN_UNGUARDED_AVAILABILITY = YES_AGGRESSIVE;
				CLANG_WARN_UNREACHABLE_CODE = YES;
				CLANG_WARN__DUPLICATE_METHOD_MATCH = YES;
				COPY_PHASE_STRIP = NO;
				DEBUG_INFORMATION_FORMAT = dwarf;
				ENABLE_STRICT_OBJC_MSGSEND = YES;
				ENABLE_TESTABILITY = YES;
				ENABLE_USER_SCRIPT_SANDBOXING = YES;
				GCC_C_LANGUAGE_STANDARD = gnu17;
				GCC_DYNAMIC_NO_PIC = NO;
				GCC_NO_COMMON_BLOCKS = YES;
				GCC_OPTIMIZATION_LEVEL = 0;
				GCC_PREPROCESSOR_DEFINITIONS = (
					"DEBUG=1",
					"$(inherited)",
				);
				GCC_WARN_64_TO_32_BIT_CONVERSION = YES;
				GCC_WARN_ABOUT_RETURN_TYPE = YES_ERROR;
				GCC_WARN_UNDECLARED_SELECTOR = YES;
				GCC_WARN_UNINITIALIZED_AUTOS = YES_AGGRESSIVE;
				GCC_WARN_UNUSED_FUNCTION = YES;
				GCC_WARN_UNUSED_VARIABLE = YES;
				IPHONEOS_DEPLOYMENT_TARGET = 17.2;
				LOCALIZATION_PREFERS_STRING_CATALOGS = YES;
				MTL_ENABLE_DEBUG_INFO = INCLUDE_SOURCE;
				MTL_FAST_MATH = YES;
				ONLY_ACTIVE_ARCH = YES;
				SDKROOT = iphoneos;
				SWIFT_ACTIVE_COMPILATION_CONDITIONS = "DEBUG $(inherited)";
				SWIFT_OPTIMIZATION_LEVEL = "-Onone";
			};
			name = Debug;
		};
		E2E1E24C2B8D17DD0063D1B7 /* Release */ = {
			isa = XCBuildConfiguration;
			buildSettings = {
				ALWAYS_SEARCH_USER_PATHS = NO;
				ASSETCATALOG_COMPILER_GENERATE_SWIFT_ASSET_SYMBOL_EXTENSIONS = YES;
				CLANG_ANALYZER_NONNULL = YES;
				CLANG_ANALYZER_NUMBER_OBJECT_CONVERSION = YES_AGGRESSIVE;
				CLANG_CXX_LANGUAGE_STANDARD = "gnu++20";
				CLANG_ENABLE_MODULES = YES;
				CLANG_ENABLE_OBJC_ARC = YES;
				CLANG_ENABLE_OBJC_WEAK = YES;
				CLANG_WARN_BLOCK_CAPTURE_AUTORELEASING = YES;
				CLANG_WARN_BOOL_CONVERSION = YES;
				CLANG_WARN_COMMA = YES;
				CLANG_WARN_CONSTANT_CONVERSION = YES;
				CLANG_WARN_DEPRECATED_OBJC_IMPLEMENTATIONS = YES;
				CLANG_WARN_DIRECT_OBJC_ISA_USAGE = YES_ERROR;
				CLANG_WARN_DOCUMENTATION_COMMENTS = YES;
				CLANG_WARN_EMPTY_BODY = YES;
				CLANG_WARN_ENUM_CONVERSION = YES;
				CLANG_WARN_INFINITE_RECURSION = YES;
				CLANG_WARN_INT_CONVERSION = YES;
				CLANG_WARN_NON_LITERAL_NULL_CONVERSION = YES;
				CLANG_WARN_OBJC_IMPLICIT_RETAIN_SELF = YES;
				CLANG_WARN_OBJC_LITERAL_CONVERSION = YES;
				CLANG_WARN_OBJC_ROOT_CLASS = YES_ERROR;
				CLANG_WARN_QUOTED_INCLUDE_IN_FRAMEWORK_HEADER = YES;
				CLANG_WARN_RANGE_LOOP_ANALYSIS = YES;
				CLANG_WARN_STRICT_PROTOTYPES = YES;
				CLANG_WARN_SUSPICIOUS_MOVE = YES;
				CLANG_WARN_UNGUARDED_AVAILABILITY = YES_AGGRESSIVE;
				CLANG_WARN_UNREACHABLE_CODE = YES;
				CLANG_WARN__DUPLICATE_METHOD_MATCH = YES;
				COPY_PHASE_STRIP = NO;
				DEBUG_INFORMATION_FORMAT = "dwarf-with-dsym";
				ENABLE_NS_ASSERTIONS = NO;
				ENABLE_STRICT_OBJC_MSGSEND = YES;
				ENABLE_USER_SCRIPT_SANDBOXING = YES;
				GCC_C_LANGUAGE_STANDARD = gnu17;
				GCC_NO_COMMON_BLOCKS = YES;
				GCC_WARN_64_TO_32_BIT_CONVERSION = YES;
				GCC_WARN_ABOUT_RETURN_TYPE = YES_ERROR;
				GCC_WARN_UNDECLARED_SELECTOR = YES;
				GCC_WARN_UNINITIALIZED_AUTOS = YES_AGGRESSIVE;
				GCC_WARN_UNUSED_FUNCTION = YES;
				GCC_WARN_UNUSED_VARIABLE = YES;
				IPHONEOS_DEPLOYMENT_TARGET = 17.2;
				LOCALIZATION_PREFERS_STRING_CATALOGS = YES;
				MTL_ENABLE_DEBUG_INFO = NO;
				MTL_FAST_MATH = YES;
				SDKROOT = iphoneos;
				SWIFT_COMPILATION_MODE = wholemodule;
				VALIDATE_PRODUCT = YES;
			};
			name = Release;
		};
		E2E1E24E2B8D17DD0063D1B7 /* Debug */ = {
			isa = XCBuildConfiguration;
			buildSettings = {
				ASSETCATALOG_COMPILER_APPICON_NAME = AppIcon;
				ASSETCATALOG_COMPILER_GLOBAL_ACCENT_COLOR_NAME = AccentColor;
				CODE_SIGN_STYLE = Automatic;
				CURRENT_PROJECT_VERSION = 1;
				DEVELOPMENT_TEAM = 6P4M8YQN8F;
				GENERATE_INFOPLIST_FILE = YES;
				INFOPLIST_FILE = CoordinatorPattern/Info.plist;
				INFOPLIST_KEY_UIApplicationSupportsIndirectInputEvents = YES;
				INFOPLIST_KEY_UILaunchStoryboardName = LaunchScreen;
				INFOPLIST_KEY_UIStatusBarStyle = "";
				INFOPLIST_KEY_UISupportedInterfaceOrientations_iPad = "UIInterfaceOrientationPortrait UIInterfaceOrientationPortraitUpsideDown UIInterfaceOrientationLandscapeLeft UIInterfaceOrientationLandscapeRight";
				INFOPLIST_KEY_UISupportedInterfaceOrientations_iPhone = "UIInterfaceOrientationPortrait UIInterfaceOrientationLandscapeLeft UIInterfaceOrientationLandscapeRight";
				LD_RUNPATH_SEARCH_PATHS = (
					"$(inherited)",
					"@executable_path/Frameworks",
				);
				MARKETING_VERSION = 1.0;
				PRODUCT_BUNDLE_IDENTIFIER = iOSDevteam.CoordinatorPattern;
				PRODUCT_NAME = "$(TARGET_NAME)";
				SWIFT_EMIT_LOC_STRINGS = YES;
				SWIFT_VERSION = 5.0;
				TARGETED_DEVICE_FAMILY = "1,2";
			};
			name = Debug;
		};
		E2E1E24F2B8D17DD0063D1B7 /* Release */ = {
			isa = XCBuildConfiguration;
			buildSettings = {
				ASSETCATALOG_COMPILER_APPICON_NAME = AppIcon;
				ASSETCATALOG_COMPILER_GLOBAL_ACCENT_COLOR_NAME = AccentColor;
				CODE_SIGN_STYLE = Automatic;
				CURRENT_PROJECT_VERSION = 1;
				DEVELOPMENT_TEAM = 6P4M8YQN8F;
				GENERATE_INFOPLIST_FILE = YES;
				INFOPLIST_FILE = CoordinatorPattern/Info.plist;
				INFOPLIST_KEY_UIApplicationSupportsIndirectInputEvents = YES;
				INFOPLIST_KEY_UILaunchStoryboardName = LaunchScreen;
				INFOPLIST_KEY_UIStatusBarStyle = "";
				INFOPLIST_KEY_UISupportedInterfaceOrientations_iPad = "UIInterfaceOrientationPortrait UIInterfaceOrientationPortraitUpsideDown UIInterfaceOrientationLandscapeLeft UIInterfaceOrientationLandscapeRight";
				INFOPLIST_KEY_UISupportedInterfaceOrientations_iPhone = "UIInterfaceOrientationPortrait UIInterfaceOrientationLandscapeLeft UIInterfaceOrientationLandscapeRight";
				LD_RUNPATH_SEARCH_PATHS = (
					"$(inherited)",
					"@executable_path/Frameworks",
				);
				MARKETING_VERSION = 1.0;
				PRODUCT_BUNDLE_IDENTIFIER = iOSDevteam.CoordinatorPattern;
				PRODUCT_NAME = "$(TARGET_NAME)";
				SWIFT_EMIT_LOC_STRINGS = YES;
				SWIFT_VERSION = 5.0;
				TARGETED_DEVICE_FAMILY = "1,2";
			};
			name = Release;
		};
/* End XCBuildConfiguration section */

/* Begin XCConfigurationList section */
		E2E1E2342B8D17DC0063D1B7 /* Build configuration list for PBXProject "CoordinatorPattern" */ = {
			isa = XCConfigurationList;
			buildConfigurations = (
				E2E1E24B2B8D17DD0063D1B7 /* Debug */,
				E2E1E24C2B8D17DD0063D1B7 /* Release */,
			);
			defaultConfigurationIsVisible = 0;
			defaultConfigurationName = Release;
		};
		E2E1E24D2B8D17DD0063D1B7 /* Build configuration list for PBXNativeTarget "CoordinatorPattern" */ = {
			isa = XCConfigurationList;
			buildConfigurations = (
				E2E1E24E2B8D17DD0063D1B7 /* Debug */,
				E2E1E24F2B8D17DD0063D1B7 /* Release */,
			);
			defaultConfigurationIsVisible = 0;
			defaultConfigurationName = Release;
		};
/* End XCConfigurationList section */
	};
	rootObject = E2E1E2312B8D17DC0063D1B7 /* Project object */;
}
